// !$*UTF8*$!
{
	archiveVersion = 1;
	classes = {
	};
	objectVersion = 46;
	objects = {

/* Begin PBXBuildFile section */
		4F1147CE1E58F71700346A1D /* AppDelegate.swift in Sources */ = {isa = PBXBuildFile; fileRef = 4F1147CD1E58F71700346A1D /* AppDelegate.swift */; };
		4F1147D51E58F71700346A1D /* Assets.xcassets in Resources */ = {isa = PBXBuildFile; fileRef = 4F1147D41E58F71700346A1D /* Assets.xcassets */; };
		4F1147D81E58F71700346A1D /* LaunchScreen.storyboard in Resources */ = {isa = PBXBuildFile; fileRef = 4F1147D61E58F71700346A1D /* LaunchScreen.storyboard */; };
		4F1147E31E58F71700346A1D /* PerfectWeekTests.swift in Sources */ = {isa = PBXBuildFile; fileRef = 4F1147E21E58F71700346A1D /* PerfectWeekTests.swift */; };
		4F1147EE1E58F71700346A1D /* PerfectWeekUITests.swift in Sources */ = {isa = PBXBuildFile; fileRef = 4F1147ED1E58F71700346A1D /* PerfectWeekUITests.swift */; };
		4F2EB1D61E772F3200677A3C /* AddGoalFrequencyViewController.swift in Sources */ = {isa = PBXBuildFile; fileRef = 4F2EB1D51E772F3100677A3C /* AddGoalFrequencyViewController.swift */; };
		4F2EB1DA1E787EA500677A3C /* Stepper.swift in Sources */ = {isa = PBXBuildFile; fileRef = 4F2EB1D91E787EA500677A3C /* Stepper.swift */; };
		4F2EB1DE1E78D23D00677A3C /* AddGoalFrequencyViewModel.swift in Sources */ = {isa = PBXBuildFile; fileRef = 4F2EB1DD1E78D23D00677A3C /* AddGoalFrequencyViewModel.swift */; };
		4F2EB1E01E7DEE8900677A3C /* Extensions.swift in Sources */ = {isa = PBXBuildFile; fileRef = 4F2EB1DF1E7DEE8900677A3C /* Extensions.swift */; };
		4F2EB1E21E7EF38E00677A3C /* RealmGoal.swift in Sources */ = {isa = PBXBuildFile; fileRef = 4F2EB1E11E7EF38E00677A3C /* RealmGoal.swift */; };
		4F2EB1E41E7EF39800677A3C /* GoalConverter.swift in Sources */ = {isa = PBXBuildFile; fileRef = 4F2EB1E31E7EF39800677A3C /* GoalConverter.swift */; };
		4F2EB1E61E80B5A800677A3C /* GoalDetailViewController.swift in Sources */ = {isa = PBXBuildFile; fileRef = 4F2EB1E51E80B5A800677A3C /* GoalDetailViewController.swift */; };
		4F2EB1E81E80C96C00677A3C /* GoalDetailViewModel.swift in Sources */ = {isa = PBXBuildFile; fileRef = 4F2EB1E71E80C96C00677A3C /* GoalDetailViewModel.swift */; };
		4F2EB1EA1E822BD300677A3C /* EditGoalViewController.swift in Sources */ = {isa = PBXBuildFile; fileRef = 4F2EB1E91E822BD300677A3C /* EditGoalViewController.swift */; };
		4F2EB1EC1E822D3800677A3C /* EditGoalViewModel.swift in Sources */ = {isa = PBXBuildFile; fileRef = 4F2EB1EB1E822D3800677A3C /* EditGoalViewModel.swift */; };
		4F2F2DF11E8745B500684D02 /* Label.swift in Sources */ = {isa = PBXBuildFile; fileRef = 4F2F2DF01E8745B500684D02 /* Label.swift */; };
		4F491E961E986A9C003BAF0D /* RealmStats.swift in Sources */ = {isa = PBXBuildFile; fileRef = 4F491E951E986A9C003BAF0D /* RealmStats.swift */; };
		4F61472F1EB597A50058BF43 /* InformationHeader.swift in Sources */ = {isa = PBXBuildFile; fileRef = 4F61472E1EB597A50058BF43 /* InformationHeader.swift */; };
		4F7C3F231EBFF3C400B31B51 /* StatsViewController.swift in Sources */ = {isa = PBXBuildFile; fileRef = 4F7C3F221EBFF3C400B31B51 /* StatsViewController.swift */; };
		4F7F5E401EBE2249009A1385 /* InformationHeaderObserver.swift in Sources */ = {isa = PBXBuildFile; fileRef = 4F7F5E3F1EBE2249009A1385 /* InformationHeaderObserver.swift */; };
		4F854E2D1E9B55540038A23F /* StatsLibrary.swift in Sources */ = {isa = PBXBuildFile; fileRef = 4F854E2C1E9B55540038A23F /* StatsLibrary.swift */; };
		4F854E2F1E9B556C0038A23F /* RealmLibrary.swift in Sources */ = {isa = PBXBuildFile; fileRef = 4F854E2E1E9B556C0038A23F /* RealmLibrary.swift */; };
		4FA6DD511E6B3D5300547D33 /* Goal.swift in Sources */ = {isa = PBXBuildFile; fileRef = 4FA6DD501E6B3D5300547D33 /* Goal.swift */; };
		4FA6DD581E6B4E2400547D33 /* GoalsViewController.swift in Sources */ = {isa = PBXBuildFile; fileRef = 4FA6DD571E6B4E2400547D33 /* GoalsViewController.swift */; };
		4FA6DD5C1E6B563800547D33 /* GoalCollectionViewCell.swift in Sources */ = {isa = PBXBuildFile; fileRef = 4FA6DD5B1E6B563800547D33 /* GoalCollectionViewCell.swift */; };
		4FA6DD5E1E6B79DE00547D33 /* GoalsViewModel.swift in Sources */ = {isa = PBXBuildFile; fileRef = 4FA6DD5D1E6B79DE00547D33 /* GoalsViewModel.swift */; };
		4FA6DD601E6B7C5A00547D33 /* GoalLibrary.swift in Sources */ = {isa = PBXBuildFile; fileRef = 4FA6DD5F1E6B7C5A00547D33 /* GoalLibrary.swift */; };
		4FBF57DD1EBE6DB8001DA75C /* NotificationManager.swift in Sources */ = {isa = PBXBuildFile; fileRef = 4FBF57DC1EBE6DB8001DA75C /* NotificationManager.swift */; };
		4FD9872F1E989E2F00917F57 /* Stats.swift in Sources */ = {isa = PBXBuildFile; fileRef = 4FD9872E1E989E2F00917F57 /* Stats.swift */; };
		4FD987311E98A2C800917F57 /* StatsConverter.swift in Sources */ = {isa = PBXBuildFile; fileRef = 4FD987301E98A2C700917F57 /* StatsConverter.swift */; };
		4FDFD0FF1E6CBEB600D33353 /* AddGoalNameViewController.swift in Sources */ = {isa = PBXBuildFile; fileRef = 4FDFD0FE1E6CBEB600D33353 /* AddGoalNameViewController.swift */; };
		4FDFD1011E6D30AC00D33353 /* AddGoalNameViewModel.swift in Sources */ = {isa = PBXBuildFile; fileRef = 4FDFD1001E6D30AC00D33353 /* AddGoalNameViewModel.swift */; };
		4FDFD1031E6E4E9F00D33353 /* Realm.framework in Frameworks */ = {isa = PBXBuildFile; fileRef = 4FDFD1021E6E4E9F00D33353 /* Realm.framework */; };
		4FDFD1051E6E4EA100D33353 /* RealmSwift.framework in Frameworks */ = {isa = PBXBuildFile; fileRef = 4FDFD1041E6E4EA100D33353 /* RealmSwift.framework */; };
/* End PBXBuildFile section */

/* Begin PBXContainerItemProxy section */
		4F1147DF1E58F71700346A1D /* PBXContainerItemProxy */ = {
			isa = PBXContainerItemProxy;
			containerPortal = 4F1147C21E58F71600346A1D /* Project object */;
			proxyType = 1;
			remoteGlobalIDString = 4F1147C91E58F71600346A1D;
			remoteInfo = PerfectWeek;
		};
		4F1147EA1E58F71700346A1D /* PBXContainerItemProxy */ = {
			isa = PBXContainerItemProxy;
			containerPortal = 4F1147C21E58F71600346A1D /* Project object */;
			proxyType = 1;
			remoteGlobalIDString = 4F1147C91E58F71600346A1D;
			remoteInfo = PerfectWeek;
		};
/* End PBXContainerItemProxy section */

/* Begin PBXFileReference section */
		4F1147CA1E58F71600346A1D /* PerfectWeek.app */ = {isa = PBXFileReference; explicitFileType = wrapper.application; includeInIndex = 0; path = PerfectWeek.app; sourceTree = BUILT_PRODUCTS_DIR; };
		4F1147CD1E58F71700346A1D /* AppDelegate.swift */ = {isa = PBXFileReference; lastKnownFileType = sourcecode.swift; path = AppDelegate.swift; sourceTree = "<group>"; };
		4F1147D41E58F71700346A1D /* Assets.xcassets */ = {isa = PBXFileReference; lastKnownFileType = folder.assetcatalog; path = Assets.xcassets; sourceTree = "<group>"; };
		4F1147D71E58F71700346A1D /* Base */ = {isa = PBXFileReference; lastKnownFileType = file.storyboard; name = Base; path = Base.lproj/LaunchScreen.storyboard; sourceTree = "<group>"; };
		4F1147D91E58F71700346A1D /* Info.plist */ = {isa = PBXFileReference; lastKnownFileType = text.plist.xml; path = Info.plist; sourceTree = "<group>"; };
		4F1147DE1E58F71700346A1D /* PerfectWeekTests.xctest */ = {isa = PBXFileReference; explicitFileType = wrapper.cfbundle; includeInIndex = 0; path = PerfectWeekTests.xctest; sourceTree = BUILT_PRODUCTS_DIR; };
		4F1147E21E58F71700346A1D /* PerfectWeekTests.swift */ = {isa = PBXFileReference; lastKnownFileType = sourcecode.swift; path = PerfectWeekTests.swift; sourceTree = "<group>"; };
		4F1147E41E58F71700346A1D /* Info.plist */ = {isa = PBXFileReference; lastKnownFileType = text.plist.xml; path = Info.plist; sourceTree = "<group>"; };
		4F1147E91E58F71700346A1D /* PerfectWeekUITests.xctest */ = {isa = PBXFileReference; explicitFileType = wrapper.cfbundle; includeInIndex = 0; path = PerfectWeekUITests.xctest; sourceTree = BUILT_PRODUCTS_DIR; };
		4F1147ED1E58F71700346A1D /* PerfectWeekUITests.swift */ = {isa = PBXFileReference; lastKnownFileType = sourcecode.swift; path = PerfectWeekUITests.swift; sourceTree = "<group>"; };
		4F1147EF1E58F71700346A1D /* Info.plist */ = {isa = PBXFileReference; lastKnownFileType = text.plist.xml; path = Info.plist; sourceTree = "<group>"; };
		4F2EB1D51E772F3100677A3C /* AddGoalFrequencyViewController.swift */ = {isa = PBXFileReference; fileEncoding = 4; lastKnownFileType = sourcecode.swift; path = AddGoalFrequencyViewController.swift; sourceTree = "<group>"; };
		4F2EB1D91E787EA500677A3C /* Stepper.swift */ = {isa = PBXFileReference; fileEncoding = 4; lastKnownFileType = sourcecode.swift; path = Stepper.swift; sourceTree = "<group>"; };
		4F2EB1DD1E78D23D00677A3C /* AddGoalFrequencyViewModel.swift */ = {isa = PBXFileReference; fileEncoding = 4; lastKnownFileType = sourcecode.swift; path = AddGoalFrequencyViewModel.swift; sourceTree = "<group>"; };
		4F2EB1DF1E7DEE8900677A3C /* Extensions.swift */ = {isa = PBXFileReference; fileEncoding = 4; lastKnownFileType = sourcecode.swift; path = Extensions.swift; sourceTree = "<group>"; };
		4F2EB1E11E7EF38E00677A3C /* RealmGoal.swift */ = {isa = PBXFileReference; fileEncoding = 4; lastKnownFileType = sourcecode.swift; path = RealmGoal.swift; sourceTree = "<group>"; };
		4F2EB1E31E7EF39800677A3C /* GoalConverter.swift */ = {isa = PBXFileReference; fileEncoding = 4; lastKnownFileType = sourcecode.swift; path = GoalConverter.swift; sourceTree = "<group>"; };
		4F2EB1E51E80B5A800677A3C /* GoalDetailViewController.swift */ = {isa = PBXFileReference; fileEncoding = 4; lastKnownFileType = sourcecode.swift; path = GoalDetailViewController.swift; sourceTree = "<group>"; };
		4F2EB1E71E80C96C00677A3C /* GoalDetailViewModel.swift */ = {isa = PBXFileReference; fileEncoding = 4; lastKnownFileType = sourcecode.swift; path = GoalDetailViewModel.swift; sourceTree = "<group>"; };
		4F2EB1E91E822BD300677A3C /* EditGoalViewController.swift */ = {isa = PBXFileReference; fileEncoding = 4; lastKnownFileType = sourcecode.swift; path = EditGoalViewController.swift; sourceTree = "<group>"; };
		4F2EB1EB1E822D3800677A3C /* EditGoalViewModel.swift */ = {isa = PBXFileReference; fileEncoding = 4; lastKnownFileType = sourcecode.swift; path = EditGoalViewModel.swift; sourceTree = "<group>"; };
		4F2F2DF01E8745B500684D02 /* Label.swift */ = {isa = PBXFileReference; fileEncoding = 4; lastKnownFileType = sourcecode.swift; path = Label.swift; sourceTree = "<group>"; };
		4F491E951E986A9C003BAF0D /* RealmStats.swift */ = {isa = PBXFileReference; fileEncoding = 4; lastKnownFileType = sourcecode.swift; path = RealmStats.swift; sourceTree = "<group>"; };
		4F61472E1EB597A50058BF43 /* InformationHeader.swift */ = {isa = PBXFileReference; fileEncoding = 4; lastKnownFileType = sourcecode.swift; path = InformationHeader.swift; sourceTree = "<group>"; };
		4F7C3F221EBFF3C400B31B51 /* StatsViewController.swift */ = {isa = PBXFileReference; fileEncoding = 4; lastKnownFileType = sourcecode.swift; path = StatsViewController.swift; sourceTree = "<group>"; };
		4F7F5E3F1EBE2249009A1385 /* InformationHeaderObserver.swift */ = {isa = PBXFileReference; fileEncoding = 4; lastKnownFileType = sourcecode.swift; path = InformationHeaderObserver.swift; sourceTree = "<group>"; };
		4F854E2C1E9B55540038A23F /* StatsLibrary.swift */ = {isa = PBXFileReference; fileEncoding = 4; lastKnownFileType = sourcecode.swift; path = StatsLibrary.swift; sourceTree = "<group>"; };
		4F854E2E1E9B556C0038A23F /* RealmLibrary.swift */ = {isa = PBXFileReference; fileEncoding = 4; lastKnownFileType = sourcecode.swift; path = RealmLibrary.swift; sourceTree = "<group>"; };
		4FA6DD501E6B3D5300547D33 /* Goal.swift */ = {isa = PBXFileReference; fileEncoding = 4; lastKnownFileType = sourcecode.swift; path = Goal.swift; sourceTree = "<group>"; };
		4FA6DD571E6B4E2400547D33 /* GoalsViewController.swift */ = {isa = PBXFileReference; fileEncoding = 4; lastKnownFileType = sourcecode.swift; path = GoalsViewController.swift; sourceTree = "<group>"; };
		4FA6DD5B1E6B563800547D33 /* GoalCollectionViewCell.swift */ = {isa = PBXFileReference; fileEncoding = 4; lastKnownFileType = sourcecode.swift; path = GoalCollectionViewCell.swift; sourceTree = "<group>"; };
		4FA6DD5D1E6B79DE00547D33 /* GoalsViewModel.swift */ = {isa = PBXFileReference; fileEncoding = 4; lastKnownFileType = sourcecode.swift; path = GoalsViewModel.swift; sourceTree = "<group>"; };
		4FA6DD5F1E6B7C5A00547D33 /* GoalLibrary.swift */ = {isa = PBXFileReference; fileEncoding = 4; lastKnownFileType = sourcecode.swift; path = GoalLibrary.swift; sourceTree = "<group>"; };
		4FBF57DC1EBE6DB8001DA75C /* NotificationManager.swift */ = {isa = PBXFileReference; fileEncoding = 4; lastKnownFileType = sourcecode.swift; path = NotificationManager.swift; sourceTree = "<group>"; };
		4FBF57DF1EBF72DA001DA75C /* PerfectWeek.entitlements */ = {isa = PBXFileReference; lastKnownFileType = text.plist.entitlements; path = PerfectWeek.entitlements; sourceTree = "<group>"; };
		4FD9872E1E989E2F00917F57 /* Stats.swift */ = {isa = PBXFileReference; fileEncoding = 4; lastKnownFileType = sourcecode.swift; path = Stats.swift; sourceTree = "<group>"; };
		4FD987301E98A2C700917F57 /* StatsConverter.swift */ = {isa = PBXFileReference; fileEncoding = 4; lastKnownFileType = sourcecode.swift; path = StatsConverter.swift; sourceTree = "<group>"; };
		4FDFD0FE1E6CBEB600D33353 /* AddGoalNameViewController.swift */ = {isa = PBXFileReference; fileEncoding = 4; lastKnownFileType = sourcecode.swift; path = AddGoalNameViewController.swift; sourceTree = "<group>"; };
		4FDFD1001E6D30AC00D33353 /* AddGoalNameViewModel.swift */ = {isa = PBXFileReference; fileEncoding = 4; lastKnownFileType = sourcecode.swift; path = AddGoalNameViewModel.swift; sourceTree = "<group>"; };
		4FDFD1021E6E4E9F00D33353 /* Realm.framework */ = {isa = PBXFileReference; lastKnownFileType = wrapper.framework; name = Realm.framework; path = Carthage/Build/iOS/Realm.framework; sourceTree = "<group>"; };
		4FDFD1041E6E4EA100D33353 /* RealmSwift.framework */ = {isa = PBXFileReference; lastKnownFileType = wrapper.framework; name = RealmSwift.framework; path = Carthage/Build/iOS/RealmSwift.framework; sourceTree = "<group>"; };
/* End PBXFileReference section */

/* Begin PBXFrameworksBuildPhase section */
		4F1147C71E58F71600346A1D /* Frameworks */ = {
			isa = PBXFrameworksBuildPhase;
			buildActionMask = 2147483647;
			files = (
				4FDFD1031E6E4E9F00D33353 /* Realm.framework in Frameworks */,
				4FDFD1051E6E4EA100D33353 /* RealmSwift.framework in Frameworks */,
			);
			runOnlyForDeploymentPostprocessing = 0;
		};
		4F1147DB1E58F71700346A1D /* Frameworks */ = {
			isa = PBXFrameworksBuildPhase;
			buildActionMask = 2147483647;
			files = (
			);
			runOnlyForDeploymentPostprocessing = 0;
		};
		4F1147E61E58F71700346A1D /* Frameworks */ = {
			isa = PBXFrameworksBuildPhase;
			buildActionMask = 2147483647;
			files = (
			);
			runOnlyForDeploymentPostprocessing = 0;
		};
/* End PBXFrameworksBuildPhase section */

/* Begin PBXGroup section */
		4F1147C11E58F71600346A1D = {
			isa = PBXGroup;
			children = (
				4F1147CC1E58F71600346A1D /* PerfectWeek */,
				4F1147E11E58F71700346A1D /* PerfectWeekTests */,
				4F1147EC1E58F71700346A1D /* PerfectWeekUITests */,
				4F1147CB1E58F71600346A1D /* Products */,
				4F1147FB1E5904A900346A1D /* Frameworks */,
			);
			sourceTree = "<group>";
		};
		4F1147CB1E58F71600346A1D /* Products */ = {
			isa = PBXGroup;
			children = (
				4F1147CA1E58F71600346A1D /* PerfectWeek.app */,
				4F1147DE1E58F71700346A1D /* PerfectWeekTests.xctest */,
				4F1147E91E58F71700346A1D /* PerfectWeekUITests.xctest */,
			);
			name = Products;
			sourceTree = "<group>";
		};
		4F1147CC1E58F71600346A1D /* PerfectWeek */ = {
			isa = PBXGroup;
			children = (
				4F7C3F221EBFF3C400B31B51 /* StatsViewController.swift */,
				4F6147301EB640BF0058BF43 /* Header */,
				4F2F2DE91E87349000684D02 /* Overview */,
				4F2F2DEA1E8734AA00684D02 /* Detail */,
				4F2F2DEB1E8734CA00684D02 /* Edit */,
				4F2F2DEC1E8734D300684D02 /* Add */,
				4FBF57DE1EBF7249001DA75C /* Notifications */,
				4F2F2DED1E8734DF00684D02 /* Library and Model */,
				4F2F2DEE1E8734EC00684D02 /* UI and Extensions */,
				4F2F2DEF1E8734FF00684D02 /* Supporting Files */,
			);
			path = PerfectWeek;
			sourceTree = "<group>";
		};
		4F1147E11E58F71700346A1D /* PerfectWeekTests */ = {
			isa = PBXGroup;
			children = (
				4F1147E21E58F71700346A1D /* PerfectWeekTests.swift */,
				4F1147E41E58F71700346A1D /* Info.plist */,
			);
			path = PerfectWeekTests;
			sourceTree = "<group>";
		};
		4F1147EC1E58F71700346A1D /* PerfectWeekUITests */ = {
			isa = PBXGroup;
			children = (
				4F1147ED1E58F71700346A1D /* PerfectWeekUITests.swift */,
				4F1147EF1E58F71700346A1D /* Info.plist */,
			);
			path = PerfectWeekUITests;
			sourceTree = "<group>";
		};
		4F1147FB1E5904A900346A1D /* Frameworks */ = {
			isa = PBXGroup;
			children = (
				4FDFD1041E6E4EA100D33353 /* RealmSwift.framework */,
				4FDFD1021E6E4E9F00D33353 /* Realm.framework */,
			);
			name = Frameworks;
			sourceTree = "<group>";
		};
		4F2F2DE91E87349000684D02 /* Overview */ = {
			isa = PBXGroup;
			children = (
				4FA6DD571E6B4E2400547D33 /* GoalsViewController.swift */,
				4FA6DD5D1E6B79DE00547D33 /* GoalsViewModel.swift */,
				4FA6DD5B1E6B563800547D33 /* GoalCollectionViewCell.swift */,
			);
			name = Overview;
			sourceTree = "<group>";
		};
		4F2F2DEA1E8734AA00684D02 /* Detail */ = {
			isa = PBXGroup;
			children = (
				4F2EB1E51E80B5A800677A3C /* GoalDetailViewController.swift */,
				4F2EB1E71E80C96C00677A3C /* GoalDetailViewModel.swift */,
			);
			name = Detail;
			sourceTree = "<group>";
		};
		4F2F2DEB1E8734CA00684D02 /* Edit */ = {
			isa = PBXGroup;
			children = (
				4F2EB1E91E822BD300677A3C /* EditGoalViewController.swift */,
				4F2EB1EB1E822D3800677A3C /* EditGoalViewModel.swift */,
			);
			name = Edit;
			sourceTree = "<group>";
		};
		4F2F2DEC1E8734D300684D02 /* Add */ = {
			isa = PBXGroup;
			children = (
				4FDFD0FE1E6CBEB600D33353 /* AddGoalNameViewController.swift */,
				4FDFD1001E6D30AC00D33353 /* AddGoalNameViewModel.swift */,
				4F2EB1D51E772F3100677A3C /* AddGoalFrequencyViewController.swift */,
				4F2EB1DD1E78D23D00677A3C /* AddGoalFrequencyViewModel.swift */,
			);
			name = Add;
			sourceTree = "<group>";
		};
		4F2F2DED1E8734DF00684D02 /* Library and Model */ = {
			isa = PBXGroup;
			children = (
				4F854E2C1E9B55540038A23F /* StatsLibrary.swift */,
				4FA6DD5F1E6B7C5A00547D33 /* GoalLibrary.swift */,
				4FA6DD501E6B3D5300547D33 /* Goal.swift */,
				4FD9872E1E989E2F00917F57 /* Stats.swift */,
				4F854E271E9AC0C70038A23F /* Realm */,
			);
			name = "Library and Model";
			sourceTree = "<group>";
		};
		4F2F2DEE1E8734EC00684D02 /* UI and Extensions */ = {
			isa = PBXGroup;
			children = (
				4F2EB1D91E787EA500677A3C /* Stepper.swift */,
				4F2F2DF01E8745B500684D02 /* Label.swift */,
				4F2EB1DF1E7DEE8900677A3C /* Extensions.swift */,
			);
			name = "UI and Extensions";
			sourceTree = "<group>";
		};
		4F2F2DEF1E8734FF00684D02 /* Supporting Files */ = {
			isa = PBXGroup;
			children = (
				4F1147CD1E58F71700346A1D /* AppDelegate.swift */,
				4FBF57DF1EBF72DA001DA75C /* PerfectWeek.entitlements */,
				4F1147D41E58F71700346A1D /* Assets.xcassets */,
				4F1147D61E58F71700346A1D /* LaunchScreen.storyboard */,
				4F1147D91E58F71700346A1D /* Info.plist */,
			);
			name = "Supporting Files";
			sourceTree = "<group>";
		};
		4F6147301EB640BF0058BF43 /* Header */ = {
			isa = PBXGroup;
			children = (
				4F61472E1EB597A50058BF43 /* InformationHeader.swift */,
				4F7F5E3F1EBE2249009A1385 /* InformationHeaderObserver.swift */,
			);
			name = Header;
			sourceTree = "<group>";
		};
		4F854E271E9AC0C70038A23F /* Realm */ = {
			isa = PBXGroup;
			children = (
				4F854E2E1E9B556C0038A23F /* RealmLibrary.swift */,
				4F2EB1E31E7EF39800677A3C /* GoalConverter.swift */,
				4FD987301E98A2C700917F57 /* StatsConverter.swift */,
				4F2EB1E11E7EF38E00677A3C /* RealmGoal.swift */,
				4F491E951E986A9C003BAF0D /* RealmStats.swift */,
			);
			name = Realm;
			sourceTree = "<group>";
		};
		4FBF57DE1EBF7249001DA75C /* Notifications */ = {
			isa = PBXGroup;
			children = (
				4FBF57DC1EBE6DB8001DA75C /* NotificationManager.swift */,
			);
			name = Notifications;
			sourceTree = "<group>";
		};
/* End PBXGroup section */

/* Begin PBXNativeTarget section */
		4F1147C91E58F71600346A1D /* PerfectWeek */ = {
			isa = PBXNativeTarget;
			buildConfigurationList = 4F1147F21E58F71700346A1D /* Build configuration list for PBXNativeTarget "PerfectWeek" */;
			buildPhases = (
				4F1147C61E58F71600346A1D /* Sources */,
				4F1147C71E58F71600346A1D /* Frameworks */,
				4F1147C81E58F71600346A1D /* Resources */,
				4F1148001E5904D600346A1D /* ShellScript */,
				4F1148021E5A1AC500346A1D /* ShellScript */,
				4FA6DD561E6B4ABD00547D33 /* ShellScript */,
			);
			buildRules = (
			);
			dependencies = (
			);
			name = PerfectWeek;
			productName = PerfectWeek;
			productReference = 4F1147CA1E58F71600346A1D /* PerfectWeek.app */;
			productType = "com.apple.product-type.application";
		};
		4F1147DD1E58F71700346A1D /* PerfectWeekTests */ = {
			isa = PBXNativeTarget;
			buildConfigurationList = 4F1147F51E58F71700346A1D /* Build configuration list for PBXNativeTarget "PerfectWeekTests" */;
			buildPhases = (
				4F1147DA1E58F71700346A1D /* Sources */,
				4F1147DB1E58F71700346A1D /* Frameworks */,
				4F1147DC1E58F71700346A1D /* Resources */,
			);
			buildRules = (
			);
			dependencies = (
				4F1147E01E58F71700346A1D /* PBXTargetDependency */,
			);
			name = PerfectWeekTests;
			productName = PerfectWeekTests;
			productReference = 4F1147DE1E58F71700346A1D /* PerfectWeekTests.xctest */;
			productType = "com.apple.product-type.bundle.unit-test";
		};
		4F1147E81E58F71700346A1D /* PerfectWeekUITests */ = {
			isa = PBXNativeTarget;
			buildConfigurationList = 4F1147F81E58F71700346A1D /* Build configuration list for PBXNativeTarget "PerfectWeekUITests" */;
			buildPhases = (
				4F1147E51E58F71700346A1D /* Sources */,
				4F1147E61E58F71700346A1D /* Frameworks */,
				4F1147E71E58F71700346A1D /* Resources */,
			);
			buildRules = (
			);
			dependencies = (
				4F1147EB1E58F71700346A1D /* PBXTargetDependency */,
			);
			name = PerfectWeekUITests;
			productName = PerfectWeekUITests;
			productReference = 4F1147E91E58F71700346A1D /* PerfectWeekUITests.xctest */;
			productType = "com.apple.product-type.bundle.ui-testing";
		};
/* End PBXNativeTarget section */

/* Begin PBXProject section */
		4F1147C21E58F71600346A1D /* Project object */ = {
			isa = PBXProject;
			attributes = {
				LastSwiftUpdateCheck = 0820;
				LastUpgradeCheck = 0820;
				ORGANIZATIONNAME = evanlewis;
				TargetAttributes = {
					4F1147C91E58F71600346A1D = {
						CreatedOnToolsVersion = 8.2;
						DevelopmentTeam = 7ZE54HDXZR;
						ProvisioningStyle = Automatic;
						SystemCapabilities = {
							com.apple.Push = {
								enabled = 1;
							};
						};
					};
					4F1147DD1E58F71700346A1D = {
						CreatedOnToolsVersion = 8.2;
						DevelopmentTeam = 7ZE54HDXZR;
						ProvisioningStyle = Automatic;
						TestTargetID = 4F1147C91E58F71600346A1D;
					};
					4F1147E81E58F71700346A1D = {
						CreatedOnToolsVersion = 8.2;
						DevelopmentTeam = 7ZE54HDXZR;
						ProvisioningStyle = Automatic;
						TestTargetID = 4F1147C91E58F71600346A1D;
					};
				};
			};
			buildConfigurationList = 4F1147C51E58F71600346A1D /* Build configuration list for PBXProject "PerfectWeek" */;
			compatibilityVersion = "Xcode 3.2";
			developmentRegion = English;
			hasScannedForEncodings = 0;
			knownRegions = (
				en,
				Base,
			);
			mainGroup = 4F1147C11E58F71600346A1D;
			productRefGroup = 4F1147CB1E58F71600346A1D /* Products */;
			projectDirPath = "";
			projectRoot = "";
			targets = (
				4F1147C91E58F71600346A1D /* PerfectWeek */,
				4F1147DD1E58F71700346A1D /* PerfectWeekTests */,
				4F1147E81E58F71700346A1D /* PerfectWeekUITests */,
			);
		};
/* End PBXProject section */

/* Begin PBXResourcesBuildPhase section */
		4F1147C81E58F71600346A1D /* Resources */ = {
			isa = PBXResourcesBuildPhase;
			buildActionMask = 2147483647;
			files = (
				4F1147D81E58F71700346A1D /* LaunchScreen.storyboard in Resources */,
				4F1147D51E58F71700346A1D /* Assets.xcassets in Resources */,
			);
			runOnlyForDeploymentPostprocessing = 0;
		};
		4F1147DC1E58F71700346A1D /* Resources */ = {
			isa = PBXResourcesBuildPhase;
			buildActionMask = 2147483647;
			files = (
			);
			runOnlyForDeploymentPostprocessing = 0;
		};
		4F1147E71E58F71700346A1D /* Resources */ = {
			isa = PBXResourcesBuildPhase;
			buildActionMask = 2147483647;
			files = (
			);
			runOnlyForDeploymentPostprocessing = 0;
		};
/* End PBXResourcesBuildPhase section */

/* Begin PBXShellScriptBuildPhase section */
		4F1148001E5904D600346A1D /* ShellScript */ = {
			isa = PBXShellScriptBuildPhase;
			buildActionMask = 2147483647;
			files = (
			);
			inputPaths = (
				"$(SRCROOT)/Carthage/Build/iOS/Realm.framework",
				"$(SRCROOT)/Carthage/Build/iOS/RealmSwift.framework",
			);
			outputPaths = (
			);
			runOnlyForDeploymentPostprocessing = 0;
			shellPath = /bin/sh;
			shellScript = "/usr/local/bin/carthage copy-frameworks";
		};
		4F1148021E5A1AC500346A1D /* ShellScript */ = {
			isa = PBXShellScriptBuildPhase;
			buildActionMask = 2147483647;
			files = (
			);
			inputPaths = (
			);
			outputPaths = (
			);
			runOnlyForDeploymentPostprocessing = 0;
			shellPath = /bin/sh;
			shellScript = "if which swiftlint >/dev/null; then\nswiftlint\nelse\necho \"warning: SwiftLint not installed, download from https://github.com/realm/SwiftLint\"\nfi";
		};
		4FA6DD561E6B4ABD00547D33 /* ShellScript */ = {
			isa = PBXShellScriptBuildPhase;
			buildActionMask = 2147483647;
			files = (
			);
			inputPaths = (
			);
			outputPaths = (
			);
			runOnlyForDeploymentPostprocessing = 0;
			shellPath = /bin/sh;
			shellScript = "TAGS=\"TODO:\"\nfind \"${SRCROOT}\" \\( -name \"*.h\" -or -name \"*.m\" -or -name \"*.swift\" \\) -not -path \"*Carthage/*\" -print0 | xargs -0 egrep --with-filename --line-number --only-matching \"($TAGS).*\\$\" | perl -p -e \"s/($TAGS)/ warning: \\$1/\"\n";
		};
/* End PBXShellScriptBuildPhase section */

/* Begin PBXSourcesBuildPhase section */
		4F1147C61E58F71600346A1D /* Sources */ = {
			isa = PBXSourcesBuildPhase;
			buildActionMask = 2147483647;
			files = (
				4F2EB1EC1E822D3800677A3C /* EditGoalViewModel.swift in Sources */,
				4FDFD0FF1E6CBEB600D33353 /* AddGoalNameViewController.swift in Sources */,
				4F2EB1E81E80C96C00677A3C /* GoalDetailViewModel.swift in Sources */,
				4F854E2F1E9B556C0038A23F /* RealmLibrary.swift in Sources */,
				4F491E961E986A9C003BAF0D /* RealmStats.swift in Sources */,
				4FA6DD581E6B4E2400547D33 /* GoalsViewController.swift in Sources */,
				4F2F2DF11E8745B500684D02 /* Label.swift in Sources */,
				4FA6DD5E1E6B79DE00547D33 /* GoalsViewModel.swift in Sources */,
				4FA6DD5C1E6B563800547D33 /* GoalCollectionViewCell.swift in Sources */,
				4FA6DD601E6B7C5A00547D33 /* GoalLibrary.swift in Sources */,
				4F2EB1E41E7EF39800677A3C /* GoalConverter.swift in Sources */,
				4F7F5E401EBE2249009A1385 /* InformationHeaderObserver.swift in Sources */,
				4FBF57DD1EBE6DB8001DA75C /* NotificationManager.swift in Sources */,
				4FD9872F1E989E2F00917F57 /* Stats.swift in Sources */,
				4FA6DD511E6B3D5300547D33 /* Goal.swift in Sources */,
				4FD987311E98A2C800917F57 /* StatsConverter.swift in Sources */,
				4F61472F1EB597A50058BF43 /* InformationHeader.swift in Sources */,
				4FDFD1011E6D30AC00D33353 /* AddGoalNameViewModel.swift in Sources */,
				4F7C3F231EBFF3C400B31B51 /* StatsViewController.swift in Sources */,
				4F2EB1E21E7EF38E00677A3C /* RealmGoal.swift in Sources */,
				4F2EB1E01E7DEE8900677A3C /* Extensions.swift in Sources */,
				4F2EB1DA1E787EA500677A3C /* Stepper.swift in Sources */,
				4F2EB1EA1E822BD300677A3C /* EditGoalViewController.swift in Sources */,
				4F1147CE1E58F71700346A1D /* AppDelegate.swift in Sources */,
				4F2EB1D61E772F3200677A3C /* AddGoalFrequencyViewController.swift in Sources */,
				4F2EB1E61E80B5A800677A3C /* GoalDetailViewController.swift in Sources */,
				4F2EB1DE1E78D23D00677A3C /* AddGoalFrequencyViewModel.swift in Sources */,
				4F854E2D1E9B55540038A23F /* StatsLibrary.swift in Sources */,
			);
			runOnlyForDeploymentPostprocessing = 0;
		};
		4F1147DA1E58F71700346A1D /* Sources */ = {
			isa = PBXSourcesBuildPhase;
			buildActionMask = 2147483647;
			files = (
				4F1147E31E58F71700346A1D /* PerfectWeekTests.swift in Sources */,
			);
			runOnlyForDeploymentPostprocessing = 0;
		};
		4F1147E51E58F71700346A1D /* Sources */ = {
			isa = PBXSourcesBuildPhase;
			buildActionMask = 2147483647;
			files = (
				4F1147EE1E58F71700346A1D /* PerfectWeekUITests.swift in Sources */,
			);
			runOnlyForDeploymentPostprocessing = 0;
		};
/* End PBXSourcesBuildPhase section */

/* Begin PBXTargetDependency section */
		4F1147E01E58F71700346A1D /* PBXTargetDependency */ = {
			isa = PBXTargetDependency;
			target = 4F1147C91E58F71600346A1D /* PerfectWeek */;
			targetProxy = 4F1147DF1E58F71700346A1D /* PBXContainerItemProxy */;
		};
		4F1147EB1E58F71700346A1D /* PBXTargetDependency */ = {
			isa = PBXTargetDependency;
			target = 4F1147C91E58F71600346A1D /* PerfectWeek */;
			targetProxy = 4F1147EA1E58F71700346A1D /* PBXContainerItemProxy */;
		};
/* End PBXTargetDependency section */

/* Begin PBXVariantGroup section */
		4F1147D61E58F71700346A1D /* LaunchScreen.storyboard */ = {
			isa = PBXVariantGroup;
			children = (
				4F1147D71E58F71700346A1D /* Base */,
			);
			name = LaunchScreen.storyboard;
			sourceTree = "<group>";
		};
/* End PBXVariantGroup section */

/* Begin XCBuildConfiguration section */
		4F1147F01E58F71700346A1D /* Debug */ = {
			isa = XCBuildConfiguration;
			buildSettings = {
				ALWAYS_SEARCH_USER_PATHS = NO;
				CLANG_ANALYZER_NONNULL = YES;
				CLANG_CXX_LANGUAGE_STANDARD = "gnu++0x";
				CLANG_CXX_LIBRARY = "libc++";
				CLANG_ENABLE_MODULES = YES;
				CLANG_ENABLE_OBJC_ARC = YES;
				CLANG_WARN_BOOL_CONVERSION = YES;
				CLANG_WARN_CONSTANT_CONVERSION = YES;
				CLANG_WARN_DIRECT_OBJC_ISA_USAGE = YES_ERROR;
				CLANG_WARN_DOCUMENTATION_COMMENTS = YES;
				CLANG_WARN_EMPTY_BODY = YES;
				CLANG_WARN_ENUM_CONVERSION = YES;
				CLANG_WARN_INFINITE_RECURSION = YES;
				CLANG_WARN_INT_CONVERSION = YES;
				CLANG_WARN_OBJC_ROOT_CLASS = YES_ERROR;
				CLANG_WARN_SUSPICIOUS_MOVE = YES;
				CLANG_WARN_UNREACHABLE_CODE = YES;
				CLANG_WARN__DUPLICATE_METHOD_MATCH = YES;
				"CODE_SIGN_IDENTITY[sdk=iphoneos*]" = "iPhone Developer";
				COPY_PHASE_STRIP = NO;
				DEBUG_INFORMATION_FORMAT = dwarf;
				ENABLE_STRICT_OBJC_MSGSEND = YES;
				ENABLE_TESTABILITY = YES;
				GCC_C_LANGUAGE_STANDARD = gnu99;
				GCC_DYNAMIC_NO_PIC = NO;
				GCC_NO_COMMON_BLOCKS = YES;
				GCC_OPTIMIZATION_LEVEL = 0;
				GCC_PREPROCESSOR_DEFINITIONS = (
					"DEBUG=1",
					"$(inherited)",
				);
				GCC_WARN_64_TO_32_BIT_CONVERSION = YES;
				GCC_WARN_ABOUT_RETURN_TYPE = YES_ERROR;
				GCC_WARN_UNDECLARED_SELECTOR = YES;
				GCC_WARN_UNINITIALIZED_AUTOS = YES_AGGRESSIVE;
				GCC_WARN_UNUSED_FUNCTION = YES;
				GCC_WARN_UNUSED_VARIABLE = YES;
				IPHONEOS_DEPLOYMENT_TARGET = 10.2;
				MTL_ENABLE_DEBUG_INFO = YES;
				ONLY_ACTIVE_ARCH = YES;
				SDKROOT = iphoneos;
				SWIFT_ACTIVE_COMPILATION_CONDITIONS = DEBUG;
				SWIFT_OPTIMIZATION_LEVEL = "-Onone";
				TARGETED_DEVICE_FAMILY = "1,2";
			};
			name = Debug;
		};
		4F1147F11E58F71700346A1D /* Release */ = {
			isa = XCBuildConfiguration;
			buildSettings = {
				ALWAYS_SEARCH_USER_PATHS = NO;
				CLANG_ANALYZER_NONNULL = YES;
				CLANG_CXX_LANGUAGE_STANDARD = "gnu++0x";
				CLANG_CXX_LIBRARY = "libc++";
				CLANG_ENABLE_MODULES = YES;
				CLANG_ENABLE_OBJC_ARC = YES;
				CLANG_WARN_BOOL_CONVERSION = YES;
				CLANG_WARN_CONSTANT_CONVERSION = YES;
				CLANG_WARN_DIRECT_OBJC_ISA_USAGE = YES_ERROR;
				CLANG_WARN_DOCUMENTATION_COMMENTS = YES;
				CLANG_WARN_EMPTY_BODY = YES;
				CLANG_WARN_ENUM_CONVERSION = YES;
				CLANG_WARN_INFINITE_RECURSION = YES;
				CLANG_WARN_INT_CONVERSION = YES;
				CLANG_WARN_OBJC_ROOT_CLASS = YES_ERROR;
				CLANG_WARN_SUSPICIOUS_MOVE = YES;
				CLANG_WARN_UNREACHABLE_CODE = YES;
				CLANG_WARN__DUPLICATE_METHOD_MATCH = YES;
				"CODE_SIGN_IDENTITY[sdk=iphoneos*]" = "iPhone Developer";
				COPY_PHASE_STRIP = NO;
				DEBUG_INFORMATION_FORMAT = "dwarf-with-dsym";
				ENABLE_NS_ASSERTIONS = NO;
				ENABLE_STRICT_OBJC_MSGSEND = YES;
				GCC_C_LANGUAGE_STANDARD = gnu99;
				GCC_NO_COMMON_BLOCKS = YES;
				GCC_WARN_64_TO_32_BIT_CONVERSION = YES;
				GCC_WARN_ABOUT_RETURN_TYPE = YES_ERROR;
				GCC_WARN_UNDECLARED_SELECTOR = YES;
				GCC_WARN_UNINITIALIZED_AUTOS = YES_AGGRESSIVE;
				GCC_WARN_UNUSED_FUNCTION = YES;
				GCC_WARN_UNUSED_VARIABLE = YES;
				IPHONEOS_DEPLOYMENT_TARGET = 10.2;
				MTL_ENABLE_DEBUG_INFO = NO;
				SDKROOT = iphoneos;
				SWIFT_OPTIMIZATION_LEVEL = "-Owholemodule";
				TARGETED_DEVICE_FAMILY = "1,2";
				VALIDATE_PRODUCT = YES;
			};
			name = Release;
		};
		4F1147F31E58F71700346A1D /* Debug */ = {
			isa = XCBuildConfiguration;
			buildSettings = {
				ASSETCATALOG_COMPILER_APPICON_NAME = AppIcon;
				CODE_SIGN_ENTITLEMENTS = PerfectWeek/PerfectWeek.entitlements;
				"CODE_SIGN_IDENTITY[sdk=iphoneos*]" = "iPhone Developer";
				DEBUG_ACTIVITY_MODE = "";
				"DEBUG_ACTIVITY_MODE[sdk=iphonesimulator*]" = disable;
				DEVELOPMENT_TEAM = 7ZE54HDXZR;
				FRAMEWORK_SEARCH_PATHS = (
					"$(SRCROOT)/Carthage/Build/iOS",
					"$(inherited)",
					"$(PROJECT_DIR)/Carthage/Build/iOS",
				);
				INFOPLIST_FILE = PerfectWeek/Info.plist;
				LD_RUNPATH_SEARCH_PATHS = "$(inherited) @executable_path/Frameworks";
				PRODUCT_BUNDLE_IDENTIFIER = com.evanlewis.perfectweek;
				PRODUCT_NAME = "$(TARGET_NAME)";
				SWIFT_VERSION = 3.0;
			};
			name = Debug;
		};
		4F1147F41E58F71700346A1D /* Release */ = {
			isa = XCBuildConfiguration;
			buildSettings = {
				ASSETCATALOG_COMPILER_APPICON_NAME = AppIcon;
				CODE_SIGN_ENTITLEMENTS = PerfectWeek/PerfectWeek.entitlements;
				"CODE_SIGN_IDENTITY[sdk=iphoneos*]" = "iPhone Developer";
				DEBUG_ACTIVITY_MODE = "";
				DEVELOPMENT_TEAM = 7ZE54HDXZR;
				FRAMEWORK_SEARCH_PATHS = (
					"$(SRCROOT)/Carthage/Build/iOS",
					"$(inherited)",
					"$(PROJECT_DIR)/Carthage/Build/iOS",
				);
				INFOPLIST_FILE = PerfectWeek/Info.plist;
				LD_RUNPATH_SEARCH_PATHS = "$(inherited) @executable_path/Frameworks";
				PRODUCT_BUNDLE_IDENTIFIER = com.evanlewis.perfectweek;
				PRODUCT_NAME = "$(TARGET_NAME)";
				SWIFT_VERSION = 3.0;
			};
			name = Release;
		};
		4F1147F61E58F71700346A1D /* Debug */ = {
			isa = XCBuildConfiguration;
			buildSettings = {
				ALWAYS_EMBED_SWIFT_STANDARD_LIBRARIES = YES;
				BUNDLE_LOADER = "$(TEST_HOST)";
				DEVELOPMENT_TEAM = 7ZE54HDXZR;
				INFOPLIST_FILE = PerfectWeekTests/Info.plist;
				LD_RUNPATH_SEARCH_PATHS = "$(inherited) @executable_path/Frameworks @loader_path/Frameworks";
				PRODUCT_BUNDLE_IDENTIFIER = com.evanlewis.PerfectWeekTests;
				PRODUCT_NAME = "$(TARGET_NAME)";
				SWIFT_VERSION = 3.0;
				TEST_HOST = "$(BUILT_PRODUCTS_DIR)/PerfectWeek.app/PerfectWeek";
			};
			name = Debug;
		};
		4F1147F71E58F71700346A1D /* Release */ = {
			isa = XCBuildConfiguration;
			buildSettings = {
				ALWAYS_EMBED_SWIFT_STANDARD_LIBRARIES = YES;
				BUNDLE_LOADER = "$(TEST_HOST)";
				DEVELOPMENT_TEAM = 7ZE54HDXZR;
				INFOPLIST_FILE = PerfectWeekTests/Info.plist;
				LD_RUNPATH_SEARCH_PATHS = "$(inherited) @executable_path/Frameworks @loader_path/Frameworks";
				PRODUCT_BUNDLE_IDENTIFIER = com.evanlewis.PerfectWeekTests;
				PRODUCT_NAME = "$(TARGET_NAME)";
				SWIFT_VERSION = 3.0;
				TEST_HOST = "$(BUILT_PRODUCTS_DIR)/PerfectWeek.app/PerfectWeek";
			};
			name = Release;
		};
		4F1147F91E58F71700346A1D /* Debug */ = {
			isa = XCBuildConfiguration;
			buildSettings = {
				ALWAYS_EMBED_SWIFT_STANDARD_LIBRARIES = YES;
				DEVELOPMENT_TEAM = 7ZE54HDXZR;
				INFOPLIST_FILE = PerfectWeekUITests/Info.plist;
				LD_RUNPATH_SEARCH_PATHS = "$(inherited) @executable_path/Frameworks @loader_path/Frameworks";
				PRODUCT_BUNDLE_IDENTIFIER = com.evanlewis.PerfectWeekUITests;
				PRODUCT_NAME = "$(TARGET_NAME)";
				SWIFT_VERSION = 3.0;
				TEST_TARGET_NAME = PerfectWeek;
			};
			name = Debug;
		};
		4F1147FA1E58F71700346A1D /* Release */ = {
			isa = XCBuildConfiguration;
			buildSettings = {
				ALWAYS_EMBED_SWIFT_STANDARD_LIBRARIES = YES;
				DEVELOPMENT_TEAM = 7ZE54HDXZR;
				INFOPLIST_FILE = PerfectWeekUITests/Info.plist;
				LD_RUNPATH_SEARCH_PATHS = "$(inherited) @executable_path/Frameworks @loader_path/Frameworks";
				PRODUCT_BUNDLE_IDENTIFIER = com.evanlewis.PerfectWeekUITests;
				PRODUCT_NAME = "$(TARGET_NAME)";
				SWIFT_VERSION = 3.0;
				TEST_TARGET_NAME = PerfectWeek;
			};
			name = Release;
		};
/* End XCBuildConfiguration section */

/* Begin XCConfigurationList section */
		4F1147C51E58F71600346A1D /* Build configuration list for PBXProject "PerfectWeek" */ = {
			isa = XCConfigurationList;
			buildConfigurations = (
				4F1147F01E58F71700346A1D /* Debug */,
				4F1147F11E58F71700346A1D /* Release */,
			);
			defaultConfigurationIsVisible = 0;
			defaultConfigurationName = Release;
		};
		4F1147F21E58F71700346A1D /* Build configuration list for PBXNativeTarget "PerfectWeek" */ = {
			isa = XCConfigurationList;
			buildConfigurations = (
				4F1147F31E58F71700346A1D /* Debug */,
				4F1147F41E58F71700346A1D /* Release */,
			);
			defaultConfigurationIsVisible = 0;
			defaultConfigurationName = Release;
		};
		4F1147F51E58F71700346A1D /* Build configuration list for PBXNativeTarget "PerfectWeekTests" */ = {
			isa = XCConfigurationList;
			buildConfigurations = (
				4F1147F61E58F71700346A1D /* Debug */,
				4F1147F71E58F71700346A1D /* Release */,
			);
			defaultConfigurationIsVisible = 0;
			defaultConfigurationName = Release;
		};
		4F1147F81E58F71700346A1D /* Build configuration list for PBXNativeTarget "PerfectWeekUITests" */ = {
			isa = XCConfigurationList;
			buildConfigurations = (
				4F1147F91E58F71700346A1D /* Debug */,
				4F1147FA1E58F71700346A1D /* Release */,
			);
			defaultConfigurationIsVisible = 0;
			defaultConfigurationName = Release;
		};
/* End XCConfigurationList section */
	};
	rootObject = 4F1147C21E58F71600346A1D /* Project object */;
}
